
Microsoft Visual Studio Solution File, Format Version 12.00
# Visual Studio Version 17
VisualStudioVersion = 17.8.34408.163
MinimumVisualStudioVersion = 10.0.40219.1
Project("{9A19103F-16F7-4668-BE54-9A1E7A4F7556}") = "Imgbed.WebApi", "Imgbed.WebApi\Imgbed.WebApi.csproj", "{4D349B76-64C1-400C-9529-227B2BC622CC}"
EndProject
Project("{9A19103F-16F7-4668-BE54-9A1E7A4F7556}") = "Imgbed.Core", "Imgbed.Core\Imgbed.Core.csproj", "{DB6A610F-151F-41A8-872B-5A7A187292D4}"
EndProject
Global
	GlobalSection(SolutionConfigurationPlatforms) = preSolution
		Debug|Any CPU = Debug|Any CPU
		Release|Any CPU = Release|Any CPU
	EndGlobalSection
	GlobalSection(ProjectConfigurationPlatforms) = postSolution
		{4D349B76-64C1-400C-9529-227B2BC622CC}.Debug|Any CPU.ActiveCfg = Debug|Any CPU
		{4D349B76-64C1-400C-9529-227B2BC622CC}.Debug|Any CPU.Build.0 = Debug|Any CPU
		{4D349B76-64C1-400C-9529-227B2BC622CC}.Release|Any CPU.ActiveCfg = Release|Any CPU
		{4D349B76-64C1-400C-9529-227B2BC622CC}.Release|Any CPU.Build.0 = Release|Any CPU
		{DB6A610F-151F-41A8-872B-5A7A187292D4}.Debug|Any CPU.ActiveCfg = Debug|Any CPU
		{DB6A610F-151F-41A8-872B-5A7A187292D4}.Debug|Any CPU.Build.0 = Debug|Any CPU
		{DB6A610F-151F-41A8-872B-5A7A187292D4}.Release|Any CPU.ActiveCfg = Release|Any CPU
		{DB6A610F-151F-41A8-872B-5A7A187292D4}.Release|Any CPU.Build.0 = Release|Any CPU
	EndGlobalSection
	GlobalSection(SolutionProperties) = preSolution
		HideSolutionNode = FALSE
	EndGlobalSection
	GlobalSection(ExtensibilityGlobals) = postSolution
		SolutionGuid = {5542D90D-6F95-48EA-B53C-ADE70FCC8763}
	EndGlobalSection
EndGlobal
